
Microsoft Visual Studio Solution File, Format Version 12.00
# Visual Studio Version 17
VisualStudioVersion = 17.14.36429.23 d17.14
MinimumVisualStudioVersion = 10.0.40219.1
Project("{FAE04EC0-301F-11D3-BF4B-00C04F79EFBC}") = "Clint_static wen", "Clint_static wen\Clint_static wen.csproj", "{4630617F-7037-412D-AF60-7149D9439A0C}"
EndProject
Global
	GlobalSection(SolutionConfigurationPlatforms) = preSolution
		Debug|Any CPU = Debug|Any CPU
		Release|Any CPU = Release|Any CPU
	EndGlobalSection
	GlobalSection(ProjectConfigurationPlatforms) = postSolution
		{4630617F-7037-412D-AF60-7149D9439A0C}.Debug|Any CPU.ActiveCfg = Debug|Any CPU
		{4630617F-7037-412D-AF60-7149D9439A0C}.Debug|Any CPU.Build.0 = Debug|Any CPU
		{4630617F-7037-412D-AF60-7149D9439A0C}.Release|Any CPU.ActiveCfg = Release|Any CPU
		{4630617F-7037-412D-AF60-7149D9439A0C}.Release|Any CPU.Build.0 = Release|Any CPU
	EndGlobalSection
	GlobalSection(SolutionProperties) = preSolution
		HideSolutionNode = FALSE
	EndGlobalSection
	GlobalSection(ExtensibilityGlobals) = postSolution
		SolutionGuid = {6DE1DCB5-47CA-4F8F-A86C-6AB770D7BF94}
	EndGlobalSection
EndGlobal
